
Microsoft Visual Studio Solution File, Format Version 12.00
# Visual Studio Version 17
VisualStudioVersion = 17.9.34728.123
MinimumVisualStudioVersion = 10.0.40219.1
Project("{FAE04EC0-301F-11D3-BF4B-00C04F79EFBC}") = "Hello", "Hello\Hello.csproj", "{90359917-DBE6-4C9C-A051-4718EEF85F74}"
EndProject
Global
	GlobalSection(SolutionConfigurationPlatforms) = preSolution
		Debug|Any CPU = Debug|Any CPU
		Release|Any CPU = Release|Any CPU
	EndGlobalSection
	GlobalSection(ProjectConfigurationPlatforms) = postSolution
		{90359917-DBE6-4C9C-A051-4718EEF85F74}.Debug|Any CPU.ActiveCfg = Debug|Any CPU
		{90359917-DBE6-4C9C-A051-4718EEF85F74}.Debug|Any CPU.Build.0 = Debug|Any CPU
		{90359917-DBE6-4C9C-A051-4718EEF85F74}.Release|Any CPU.ActiveCfg = Release|Any CPU
		{90359917-DBE6-4C9C-A051-4718EEF85F74}.Release|Any CPU.Build.0 = Release|Any CPU
	EndGlobalSection
	GlobalSection(SolutionProperties) = preSolution
		HideSolutionNode = FALSE
	EndGlobalSection
	GlobalSection(ExtensibilityGlobals) = postSolution
		SolutionGuid = {35C5FB57-8CA6-4674-B9C6-F2DE2B616444}
	EndGlobalSection
EndGlobal
